
Microsoft Visual Studio Solution File, Format Version 12.00
# Visual Studio 15
VisualStudioVersion = 15.0.27004.2002
MinimumVisualStudioVersion = 10.0.40219.1
Project("{888888A0-9F3D-457C-B088-3A5042F75D52}") = "Videogame_Codex", "Videogame_Codex\Videogame_Codex.pyproj", "{4F8499BF-6E28-4D15-ABE6-DF4EB35F5DF2}"
EndProject
Global
	GlobalSection(SolutionConfigurationPlatforms) = preSolution
		Debug|Any CPU = Debug|Any CPU
		Release|Any CPU = Release|Any CPU
	EndGlobalSection
	GlobalSection(ProjectConfigurationPlatforms) = postSolution
		{4F8499BF-6E28-4D15-ABE6-DF4EB35F5DF2}.Debug|Any CPU.ActiveCfg = Debug|Any CPU
		{4F8499BF-6E28-4D15-ABE6-DF4EB35F5DF2}.Debug|Any CPU.Build.0 = Debug|Any CPU
		{4F8499BF-6E28-4D15-ABE6-DF4EB35F5DF2}.Release|Any CPU.ActiveCfg = Release|Any CPU
		{4F8499BF-6E28-4D15-ABE6-DF4EB35F5DF2}.Release|Any CPU.Build.0 = Release|Any CPU
	EndGlobalSection
	GlobalSection(SolutionProperties) = preSolution
		HideSolutionNode = FALSE
	EndGlobalSection
	GlobalSection(ExtensibilityGlobals) = postSolution
		SolutionGuid = {00AE7478-66F4-44E0-9BA4-9829488EC667}
	EndGlobalSection
EndGlobal
